github.com/daveilers/hs1xxplug v0.0.0-20160819120041-e1d9b9aac42a h1:3bz7KQvUoAwqsX2ammKhxZE32fsnIZCuMXJh2V5UmPQ=
github.com/daveilers/hs1xxplug v0.0.0-20160819120041-e1d9b9aac42a/go.mod h1:SiCqQyO5Qc9TlmLZUXTDAfrquTIGO6E875N215BSbzw=
github.com/gbbr/hue v0.0.0-20170914172139-a84eb065615b h1:lQ2RBydiCnGxkUgtjPT4iFFAHhVvy13X413uTxKTvPs=
github.com/gbbr/hue v0.0.0-20170914172139-a84eb065615b/go.mod h1:cfO+3Xyaoqzr1uWwc71yT7kdBtNFHmYE5WSmzeyBOqs=
github.com/joho/godotenv v1.3.0 h1:Zjp+RcGpHhGlrMbJzXTrZZPrWj+1vfm90La1wgB6Bhc=
github.com/joho/godotenv v1.3.0/go.mod h1:7hK45KPybAkOC6peb+G5yklZfMxEjkZhHbwpqxOKXbg=
github.com/kelseyhightower/envconfig v1.4.0 h1:Im6hONhd3pLkfDFsbRgu68RDNkGF1r3dvMUtDTo2cv8=
github.com/kelseyhightower/envconfig v1.4.0/go.mod h1:cccZRl6mQpaq41TPp5QxidR+Sa3axMbJDNb//FQX6Gg=
github.com/mitchellh/go-homedir v1.1.0 h1:lukF9ziXFxDFPkA1vsr5zpc1XuPDn/wFntq5mG+4E0Y=
github.com/mitchellh/go-homedir v1.1.0/go.mod h1:SfyaCUpYCn1Vlf4IUYiD9fPX4A5wJrkLzIz1N1q0pr0=
